<?xml version="1.0"?>
<CONFIG>
  <ProjectOptions>
    <PathDelim Value="\"/>
    <Version Value="5"/>
    <General>
      <MainUnit Value="0"/>
      <IconPath Value="./"/>
      <TargetFileExt Value=".exe"/>
      <ActiveEditorIndexAtStart Value="1"/>
    </General>
    <VersionInfo>
      <ProjectVersion Value=""/>
      <Language Value=""/>
      <CharSet Value=""/>
    </VersionInfo>
    <PublishOptions>
      <Version Value="2"/>
      <IgnoreBinaries Value="False"/>
      <IncludeFileFilter Value="*.(pas|pp|inc|lfm|lpr|lrs|lpi|lpk|sh|xml)"/>
      <ExcludeFileFilter Value="*.(bak|ppu|ppw|o|so);*~;backup"/>
    </PublishOptions>
    <RunParams>
      <local>
        <FormatVersion Value="1"/>
        <LaunchingApplication PathPlusParams="/usr/X11R6/bin/xterm -T 'Lazarus Run Output' -e $(LazarusDir)/tools/runwait.sh $(TargetCmdLine)"/>
      </local>
    </RunParams>
    <RequiredPackages Count="1">
      <Item1>
        <PackageName Value="LCL"/>
      </Item1>
    </RequiredPackages>
    <Units Count="16">
      <Unit0>
        <Filename Value="IADPhys_Pooling.lpr"/>
        <IsPartOfProject Value="True"/>
        <CursorPos X="41" Y="9"/>
        <TopLine Value="1"/>
        <EditorIndex Value="0"/>
        <UsageCount Value="20"/>
        <Loaded Value="True"/>
      </Unit0>
      <Unit1>
        <Filename Value="unit1.pas"/>
        <ComponentName Value="Form1"/>
        <IsPartOfProject Value="True"/>
        <ResourceFilename Value="unit1.lrs"/>
        <UnitName Value="Unit1"/>
        <CursorPos X="1" Y="10"/>
        <TopLine Value="1"/>
        <EditorIndex Value="1"/>
        <UsageCount Value="20"/>
        <Loaded Value="True"/>
      </Unit1>
      <Unit2>
        <Filename Value="..\..\..\..\..\..\..\Tools\lazarus\fpc\2.0.4\source\rtl\objpas\classes\classesh.inc"/>
        <CursorPos X="40" Y="1488"/>
        <TopLine Value="1459"/>
        <UsageCount Value="10"/>
      </Unit2>
      <Unit3>
        <Filename Value="..\..\..\..\..\..\SOURCE\daADPhysIntf.pas"/>
        <UnitName Value="daADPhysIntf"/>
        <CursorPos X="1" Y="546"/>
        <TopLine Value="517"/>
        <UsageCount Value="10"/>
      </Unit3>
      <Unit4>
        <Filename Value="..\..\..\..\..\..\SOURCE\daADPhysManager.pas"/>
        <UnitName Value="daADPhysManager"/>
        <CursorPos X="1" Y="1"/>
        <TopLine Value="1"/>
        <UsageCount Value="10"/>
      </Unit4>
      <Unit5>
        <Filename Value="..\..\..\..\..\..\..\Tools\lazarus\fpc\2.0.4\source\rtl\inc\systemh.inc"/>
        <CursorPos X="11" Y="541"/>
        <TopLine Value="512"/>
        <UsageCount Value="10"/>
      </Unit5>
      <Unit6>
        <Filename Value="..\..\..\..\..\..\SOURCE\daADStanFactory.pas"/>
        <UnitName Value="daADStanFactory"/>
        <CursorPos X="33" Y="72"/>
        <TopLine Value="53"/>
        <UsageCount Value="10"/>
      </Unit6>
      <Unit7>
        <Filename Value="..\..\..\..\..\..\SOURCE\daADStanError.pas"/>
        <UnitName Value="daADStanError"/>
        <CursorPos X="36" Y="132"/>
        <TopLine Value="120"/>
        <UsageCount Value="10"/>
      </Unit7>
      <Unit8>
        <Filename Value="..\..\..\..\..\..\SOURCE\daADDatSManager.pas"/>
        <UnitName Value="daADDatSManager"/>
        <CursorPos X="1" Y="3122"/>
        <TopLine Value="3105"/>
        <UsageCount Value="10"/>
      </Unit8>
      <Unit9>
        <Filename Value="..\..\..\..\..\..\SOURCE\daADStanExpr.pas"/>
        <UnitName Value="daADStanExpr"/>
        <CursorPos X="1" Y="1"/>
        <TopLine Value="1"/>
        <UsageCount Value="10"/>
      </Unit9>
      <Unit10>
        <Filename Value="..\..\..\..\..\..\SOURCE\daADStanOption.pas"/>
        <UnitName Value="daADStanOption"/>
        <CursorPos X="6" Y="9"/>
        <TopLine Value="1"/>
        <UsageCount Value="10"/>
      </Unit10>
      <Unit11>
        <Filename Value="..\..\..\..\..\..\SOURCE\daADStanPool.pas"/>
        <UnitName Value="daADStanPool"/>
        <CursorPos X="39" Y="709"/>
        <TopLine Value="685"/>
        <UsageCount Value="10"/>
      </Unit11>
      <Unit12>
        <Filename Value="..\..\..\..\..\..\SOURCE\daADStanUtil.pas"/>
        <UnitName Value="daADStanUtil"/>
        <CursorPos X="67" Y="1579"/>
        <TopLine Value="1562"/>
        <UsageCount Value="10"/>
        <Bookmarks Count="1">
          <Item0 X="1" Y="1107" ID="0"/>
        </Bookmarks>
      </Unit12>
      <Unit13>
        <Filename Value="..\..\..\..\..\..\..\Tools\lazarus\fpc\2.0.4\source\rtl\objpas\classes\intf.inc"/>
        <CursorPos X="9" Y="55"/>
        <TopLine Value="53"/>
        <UsageCount Value="10"/>
      </Unit13>
      <Unit14>
        <Filename Value="..\..\..\..\..\..\SOURCE\daADStanDef.pas"/>
        <UnitName Value="daADStanDef"/>
        <CursorPos X="1" Y="1"/>
        <TopLine Value="1"/>
        <UsageCount Value="10"/>
      </Unit14>
      <Unit15>
        <Filename Value="..\..\..\..\..\..\..\Tools\lazarus\fpc\2.0.4\source\rtl\objpas\sysutils\systhrdh.inc"/>
        <CursorPos X="75" Y="20"/>
        <TopLine Value="1"/>
        <UsageCount Value="10"/>
      </Unit15>
    </Units>
    <JumpHistory Count="1" HistoryIndex="0">
      <Position1>
        <Filename Value="unit1.pas"/>
        <Caret Line="19" Column="14" TopLine="3"/>
      </Position1>
    </JumpHistory>
  </ProjectOptions>
  <CompilerOptions>
    <Version Value="5"/>
    <PathDelim Value="\"/>
    <SearchPaths>
      <OtherUnitFiles Value="..\..\..\..\..\SOURCE\"/>
      <SrcPath Value="$(LazarusDir)\lcl\;$(LazarusDir)\lcl\interfaces\$(LCLWidgetType)\"/>
    </SearchPaths>
    <Parsing>
      <SyntaxOptions>
        <CStyleOperator Value="False"/>
        <AllowLabel Value="False"/>
        <CPPInline Value="False"/>
        <DelphiCompat Value="True"/>
      </SyntaxOptions>
    </Parsing>
    <CodeGeneration>
      <Checks>
        <IOChecks Value="True"/>
        <RangeChecks Value="True"/>
        <OverflowChecks Value="True"/>
        <StackChecks Value="True"/>
      </Checks>
      <Generate Value="Faster"/>
    </CodeGeneration>
    <Linking>
      <Options>
        <Win32>
          <GraphicApplication Value="True"/>
        </Win32>
      </Options>
    </Linking>
    <Other>
      <CompilerPath Value="$(CompPath)"/>
    </Other>
  </CompilerOptions>
  <Debugging>
    <BreakPoints Count="1">
      <Item1>
        <Source Value="..\..\..\..\..\..\SOURCE\daADStanFactory.pas"/>
        <Line Value="270"/>
      </Item1>
    </BreakPoints>
    <Exceptions Count="2">
      <Item1>
        <Name Value="ECodetoolError"/>
      </Item1>
      <Item2>
        <Name Value="EFOpenError"/>
      </Item2>
    </Exceptions>
  </Debugging>
</CONFIG>
